// !$*UTF8*$!
{
	archiveVersion = 1;
	classes = {
	};
	objectVersion = 50;
	objects = {

/* Begin PBXBuildFile section */
		EA3416472434CC08000D02C8 /* ItemRow.swift in Sources */ = {isa = PBXBuildFile; fileRef = EA3416462434CC08000D02C8 /* ItemRow.swift */; };
		EA34164A2434E2F8000D02C8 /* ItemDetail.swift in Sources */ = {isa = PBXBuildFile; fileRef = EA3416492434E2F8000D02C8 /* ItemDetail.swift */; };
		EA3A682624400CDF00185A3D /* OrderView.swift in Sources */ = {isa = PBXBuildFile; fileRef = EA3A682524400CDF00185A3D /* OrderView.swift */; };
		EA3A68282440951600185A3D /* MenuItemRow.swift in Sources */ = {isa = PBXBuildFile; fileRef = EA3A68272440951600185A3D /* MenuItemRow.swift */; };
		EA3A682A24409FBD00185A3D /* AppView.swift in Sources */ = {isa = PBXBuildFile; fileRef = EA3A682924409FBD00185A3D /* AppView.swift */; };
		EA57328F2454712A00073426 /* OrderItemRow.swift in Sources */ = {isa = PBXBuildFile; fileRef = EA57328E2454712A00073426 /* OrderItemRow.swift */; };
		EA573291245481AA00073426 /* PaymentView.swift in Sources */ = {isa = PBXBuildFile; fileRef = EA573290245481AA00073426 /* PaymentView.swift */; };
		EA5732932455C25C00073426 /* SimpleStepper.swift in Sources */ = {isa = PBXBuildFile; fileRef = EA5732922455C25C00073426 /* SimpleStepper.swift */; };
		EAEC93D9242F7E750064B696 /* AppDelegate.swift in Sources */ = {isa = PBXBuildFile; fileRef = EAEC93D8242F7E750064B696 /* AppDelegate.swift */; };
		EAEC93DB242F7E750064B696 /* SceneDelegate.swift in Sources */ = {isa = PBXBuildFile; fileRef = EAEC93DA242F7E750064B696 /* SceneDelegate.swift */; };
		EAEC93DD242F7E750064B696 /* ContentView.swift in Sources */ = {isa = PBXBuildFile; fileRef = EAEC93DC242F7E750064B696 /* ContentView.swift */; };
		EAEC93DF242F7E770064B696 /* Assets.xcassets in Resources */ = {isa = PBXBuildFile; fileRef = EAEC93DE242F7E770064B696 /* Assets.xcassets */; };
		EAEC93E2242F7E770064B696 /* Preview Assets.xcassets in Resources */ = {isa = PBXBuildFile; fileRef = EAEC93E1242F7E770064B696 /* Preview Assets.xcassets */; };
		EAEC93E5242F7E770064B696 /* LaunchScreen.storyboard in Resources */ = {isa = PBXBuildFile; fileRef = EAEC93E3242F7E770064B696 /* LaunchScreen.storyboard */; };
		EAEC93ED242F7F0A0064B696 /* Helper.swift in Sources */ = {isa = PBXBuildFile; fileRef = EAEC93EC242F7F0A0064B696 /* Helper.swift */; };
		EAEC93EF242F84C00064B696 /* menu.json in Resources */ = {isa = PBXBuildFile; fileRef = EAEC93EE242F84C00064B696 /* menu.json */; };
		EAEC93F1242F855A0064B696 /* Menu.swift in Sources */ = {isa = PBXBuildFile; fileRef = EAEC93F0242F855A0064B696 /* Menu.swift */; };
		EAEC93F3242F8B560064B696 /* Order.swift in Sources */ = {isa = PBXBuildFile; fileRef = EAEC93F2242F8B560064B696 /* Order.swift */; };
/* End PBXBuildFile section */

/* Begin PBXFileReference section */
		EA3416462434CC08000D02C8 /* ItemRow.swift */ = {isa = PBXFileReference; lastKnownFileType = sourcecode.swift; path = ItemRow.swift; sourceTree = "<group>"; };
		EA3416492434E2F8000D02C8 /* ItemDetail.swift */ = {isa = PBXFileReference; lastKnownFileType = sourcecode.swift; path = ItemDetail.swift; sourceTree = "<group>"; };
		EA3A682524400CDF00185A3D /* OrderView.swift */ = {isa = PBXFileReference; lastKnownFileType = sourcecode.swift; path = OrderView.swift; sourceTree = "<group>"; };
		EA3A68272440951600185A3D /* MenuItemRow.swift */ = {isa = PBXFileReference; lastKnownFileType = sourcecode.swift; path = MenuItemRow.swift; sourceTree = "<group>"; };
		EA3A682924409FBD00185A3D /* AppView.swift */ = {isa = PBXFileReference; lastKnownFileType = sourcecode.swift; path = AppView.swift; sourceTree = "<group>"; };
		EA57328E2454712A00073426 /* OrderItemRow.swift */ = {isa = PBXFileReference; lastKnownFileType = sourcecode.swift; path = OrderItemRow.swift; sourceTree = "<group>"; };
		EA573290245481AA00073426 /* PaymentView.swift */ = {isa = PBXFileReference; lastKnownFileType = sourcecode.swift; path = PaymentView.swift; sourceTree = "<group>"; };
		EA5732922455C25C00073426 /* SimpleStepper.swift */ = {isa = PBXFileReference; lastKnownFileType = sourcecode.swift; path = SimpleStepper.swift; sourceTree = "<group>"; };
		EAEC93D5242F7E750064B696 /* iDine.app */ = {isa = PBXFileReference; explicitFileType = wrapper.application; includeInIndex = 0; path = iDine.app; sourceTree = BUILT_PRODUCTS_DIR; };
		EAEC93D8242F7E750064B696 /* AppDelegate.swift */ = {isa = PBXFileReference; lastKnownFileType = sourcecode.swift; path = AppDelegate.swift; sourceTree = "<group>"; };
		EAEC93DA242F7E750064B696 /* SceneDelegate.swift */ = {isa = PBXFileReference; lastKnownFileType = sourcecode.swift; path = SceneDelegate.swift; sourceTree = "<group>"; };
		EAEC93DC242F7E750064B696 /* ContentView.swift */ = {isa = PBXFileReference; lastKnownFileType = sourcecode.swift; path = ContentView.swift; sourceTree = "<group>"; };
		EAEC93DE242F7E770064B696 /* Assets.xcassets */ = {isa = PBXFileReference; lastKnownFileType = folder.assetcatalog; path = Assets.xcassets; sourceTree = "<group>"; };
		EAEC93E1242F7E770064B696 /* Preview Assets.xcassets */ = {isa = PBXFileReference; lastKnownFileType = folder.assetcatalog; path = "Preview Assets.xcassets"; sourceTree = "<group>"; };
		EAEC93E4242F7E770064B696 /* Base */ = {isa = PBXFileReference; lastKnownFileType = file.storyboard; name = Base; path = Base.lproj/LaunchScreen.storyboard; sourceTree = "<group>"; };
		EAEC93E6242F7E770064B696 /* Info.plist */ = {isa = PBXFileReference; lastKnownFileType = text.plist.xml; path = Info.plist; sourceTree = "<group>"; };
		EAEC93EC242F7F0A0064B696 /* Helper.swift */ = {isa = PBXFileReference; lastKnownFileType = sourcecode.swift; path = Helper.swift; sourceTree = "<group>"; };
		EAEC93EE242F84C00064B696 /* menu.json */ = {isa = PBXFileReference; fileEncoding = 4; lastKnownFileType = text.json; path = menu.json; sourceTree = "<group>"; };
		EAEC93F0242F855A0064B696 /* Menu.swift */ = {isa = PBXFileReference; lastKnownFileType = sourcecode.swift; path = Menu.swift; sourceTree = "<group>"; };
		EAEC93F2242F8B560064B696 /* Order.swift */ = {isa = PBXFileReference; lastKnownFileType = sourcecode.swift; path = Order.swift; sourceTree = "<group>"; };
/* End PBXFileReference section */

/* Begin PBXFrameworksBuildPhase section */
		EAEC93D2242F7E750064B696 /* Frameworks */ = {
			isa = PBXFrameworksBuildPhase;
			buildActionMask = 2147483647;
			files = (
			);
			runOnlyForDeploymentPostprocessing = 0;
		};
/* End PBXFrameworksBuildPhase section */

/* Begin PBXGroup section */
		EAEC93CC242F7E750064B696 = {
			isa = PBXGroup;
			children = (
				EAEC93D7242F7E750064B696 /* iDine */,
				EAEC93D6242F7E750064B696 /* Products */,
			);
			sourceTree = "<group>";
		};
		EAEC93D6242F7E750064B696 /* Products */ = {
			isa = PBXGroup;
			children = (
				EAEC93D5242F7E750064B696 /* iDine.app */,
			);
			name = Products;
			sourceTree = "<group>";
		};
		EAEC93D7242F7E750064B696 /* iDine */ = {
			isa = PBXGroup;
			children = (
				EAEC93D8242F7E750064B696 /* AppDelegate.swift */,
				EAEC93DA242F7E750064B696 /* SceneDelegate.swift */,
				EA3A682924409FBD00185A3D /* AppView.swift */,
				EAEC93DC242F7E750064B696 /* ContentView.swift */,
				EAEC93DE242F7E770064B696 /* Assets.xcassets */,
				EAEC93E3242F7E770064B696 /* LaunchScreen.storyboard */,
				EAEC93E6242F7E770064B696 /* Info.plist */,
				EAEC93EC242F7F0A0064B696 /* Helper.swift */,
				EAEC93F0242F855A0064B696 /* Menu.swift */,
				EAEC93F2242F8B560064B696 /* Order.swift */,
				EA3A68272440951600185A3D /* MenuItemRow.swift */,
				EA57328E2454712A00073426 /* OrderItemRow.swift */,
				EA5732922455C25C00073426 /* SimpleStepper.swift */,
				EA3416462434CC08000D02C8 /* ItemRow.swift */,
				EA3416492434E2F8000D02C8 /* ItemDetail.swift */,
				EA3A682524400CDF00185A3D /* OrderView.swift */,
				EA573290245481AA00073426 /* PaymentView.swift */,
				EAEC93EE242F84C00064B696 /* menu.json */,
				EAEC93E0242F7E770064B696 /* Preview Content */,
			);
			path = iDine;
			sourceTree = "<group>";
		};
		EAEC93E0242F7E770064B696 /* Preview Content */ = {
			isa = PBXGroup;
			children = (
				EAEC93E1242F7E770064B696 /* Preview Assets.xcassets */,
			);
			path = "Preview Content";
			sourceTree = "<group>";
		};
/* End PBXGroup section */

/* Begin PBXNativeTarget section */
		EAEC93D4242F7E750064B696 /* iDine */ = {
			isa = PBXNativeTarget;
			buildConfigurationList = EAEC93E9242F7E770064B696 /* Build configuration list for PBXNativeTarget "iDine" */;
			buildPhases = (
				EAEC93D1242F7E750064B696 /* Sources */,
				EAEC93D2242F7E750064B696 /* Frameworks */,
				EAEC93D3242F7E750064B696 /* Resources */,
			);
			buildRules = (
			);
			dependencies = (
			);
			name = iDine;
			productName = iDine;
			productReference = EAEC93D5242F7E750064B696 /* iDine.app */;
			productType = "com.apple.product-type.application";
		};
/* End PBXNativeTarget section */

/* Begin PBXProject section */
		EAEC93CD242F7E750064B696 /* Project object */ = {
			isa = PBXProject;
			attributes = {
				LastSwiftUpdateCheck = 1130;
				LastUpgradeCheck = 1130;
				ORGANIZATIONNAME = "Xinyuan Wang";
				TargetAttributes = {
					EAEC93D4242F7E750064B696 = {
						CreatedOnToolsVersion = 11.3.1;
					};
				};
			};
			buildConfigurationList = EAEC93D0242F7E750064B696 /* Build configuration list for PBXProject "iDine" */;
			compatibilityVersion = "Xcode 9.3";
			developmentRegion = en;
			hasScannedForEncodings = 0;
			knownRegions = (
				en,
				Base,
			);
			mainGroup = EAEC93CC242F7E750064B696;
			productRefGroup = EAEC93D6242F7E750064B696 /* Products */;
			projectDirPath = "";
			projectRoot = "";
			targets = (
				EAEC93D4242F7E750064B696 /* iDine */,
			);
		};
/* End PBXProject section */

/* Begin PBXResourcesBuildPhase section */
		EAEC93D3242F7E750064B696 /* Resources */ = {
			isa = PBXResourcesBuildPhase;
			buildActionMask = 2147483647;
			files = (
				EAEC93E5242F7E770064B696 /* LaunchScreen.storyboard in Resources */,
				EAEC93E2242F7E770064B696 /* Preview Assets.xcassets in Resources */,
				EAEC93EF242F84C00064B696 /* menu.json in Resources */,
				EAEC93DF242F7E770064B696 /* Assets.xcassets in Resources */,
			);
			runOnlyForDeploymentPostprocessing = 0;
		};
/* End PBXResourcesBuildPhase section */

/* Begin PBXSourcesBuildPhase section */
		EAEC93D1242F7E750064B696 /* Sources */ = {
			isa = PBXSourcesBuildPhase;
			buildActionMask = 2147483647;
			files = (
				EA57328F2454712A00073426 /* OrderItemRow.swift in Sources */,
				EA5732932455C25C00073426 /* SimpleStepper.swift in Sources */,
				EAEC93F3242F8B560064B696 /* Order.swift in Sources */,
				EAEC93D9242F7E750064B696 /* AppDelegate.swift in Sources */,
				EAEC93DB242F7E750064B696 /* SceneDelegate.swift in Sources */,
				EA3416472434CC08000D02C8 /* ItemRow.swift in Sources */,
				EA3A682A24409FBD00185A3D /* AppView.swift in Sources */,
				EAEC93DD242F7E750064B696 /* ContentView.swift in Sources */,
				EA573291245481AA00073426 /* PaymentView.swift in Sources */,
				EA34164A2434E2F8000D02C8 /* ItemDetail.swift in Sources */,
				EA3A68282440951600185A3D /* MenuItemRow.swift in Sources */,
				EA3A682624400CDF00185A3D /* OrderView.swift in Sources */,
				EAEC93ED242F7F0A0064B696 /* Helper.swift in Sources */,
				EAEC93F1242F855A0064B696 /* Menu.swift in Sources */,
			);
			runOnlyForDeploymentPostprocessing = 0;
		};
/* End PBXSourcesBuildPhase section */

/* Begin PBXVariantGroup section */
		EAEC93E3242F7E770064B696 /* LaunchScreen.storyboard */ = {
			isa = PBXVariantGroup;
			children = (
				EAEC93E4242F7E770064B696 /* Base */,
			);
			name = LaunchScreen.storyboard;
			sourceTree = "<group>";
		};
/* End PBXVariantGroup section */

/* Begin XCBuildConfiguration section */
		EAEC93E7242F7E770064B696 /* Debug */ = {
			isa = XCBuildConfiguration;
			buildSettings = {
				ALWAYS_SEARCH_USER_PATHS = NO;
				CLANG_ANALYZER_NONNULL = YES;
				CLANG_ANALYZER_NUMBER_OBJECT_CONVERSION = YES_AGGRESSIVE;
				CLANG_CXX_LANGUAGE_STANDARD = "gnu++14";
				CLANG_CXX_LIBRARY = "libc++";
				CLANG_ENABLE_MODULES = YES;
				CLANG_ENABLE_OBJC_ARC = YES;
				CLANG_ENABLE_OBJC_WEAK = YES;
				CLANG_WARN_BLOCK_CAPTURE_AUTORELEASING = YES;
				CLANG_WARN_BOOL_CONVERSION = YES;
				CLANG_WARN_COMMA = YES;
				CLANG_WARN_CONSTANT_CONVERSION = YES;
				CLANG_WARN_DEPRECATED_OBJC_IMPLEMENTATIONS = YES;
				CLANG_WARN_DIRECT_OBJC_ISA_USAGE = YES_ERROR;
				CLANG_WARN_DOCUMENTATION_COMMENTS = YES;
				CLANG_WARN_EMPTY_BODY = YES;
				CLANG_WARN_ENUM_CONVERSION = YES;
				CLANG_WARN_INFINITE_RECURSION = YES;
				CLANG_WARN_INT_CONVERSION = YES;
				CLANG_WARN_NON_LITERAL_NULL_CONVERSION = YES;
				CLANG_WARN_OBJC_IMPLICIT_RETAIN_SELF = YES;
				CLANG_WARN_OBJC_LITERAL_CONVERSION = YES;
				CLANG_WARN_OBJC_ROOT_CLASS = YES_ERROR;
				CLANG_WARN_RANGE_LOOP_ANALYSIS = YES;
				CLANG_WARN_STRICT_PROTOTYPES = YES;
				CLANG_WARN_SUSPICIOUS_MOVE = YES;
				CLANG_WARN_UNGUARDED_AVAILABILITY = YES_AGGRESSIVE;
				CLANG_WARN_UNREACHABLE_CODE = YES;
				CLANG_WARN__DUPLICATE_METHOD_MATCH = YES;
				COPY_PHASE_STRIP = NO;
				DEBUG_INFORMATION_FORMAT = dwarf;
				ENABLE_STRICT_OBJC_MSGSEND = YES;
				ENABLE_TESTABILITY = YES;
				GCC_C_LANGUAGE_STANDARD = gnu11;
				GCC_DYNAMIC_NO_PIC = NO;
				GCC_NO_COMMON_BLOCKS = YES;
				GCC_OPTIMIZATION_LEVEL = 0;
				GCC_PREPROCESSOR_DEFINITIONS = (
					"DEBUG=1",
					"$(inherited)",
				);
				GCC_WARN_64_TO_32_BIT_CONVERSION = YES;
				GCC_WARN_ABOUT_RETURN_TYPE = YES_ERROR;
				GCC_WARN_UNDECLARED_SELECTOR = YES;
				GCC_WARN_UNINITIALIZED_AUTOS = YES_AGGRESSIVE;
				GCC_WARN_UNUSED_FUNCTION = YES;
				GCC_WARN_UNUSED_VARIABLE = YES;
				IPHONEOS_DEPLOYMENT_TARGET = 13.2;
				MTL_ENABLE_DEBUG_INFO = INCLUDE_SOURCE;
				MTL_FAST_MATH = YES;
				ONLY_ACTIVE_ARCH = YES;
				SDKROOT = iphoneos;
				SWIFT_ACTIVE_COMPILATION_CONDITIONS = DEBUG;
				SWIFT_OPTIMIZATION_LEVEL = "-Onone";
			};
			name = Debug;
		};
		EAEC93E8242F7E770064B696 /* Release */ = {
			isa = XCBuildConfiguration;
			buildSettings = {
				ALWAYS_SEARCH_USER_PATHS = NO;
				CLANG_ANALYZER_NONNULL = YES;
				CLANG_ANALYZER_NUMBER_OBJECT_CONVERSION = YES_AGGRESSIVE;
				CLANG_CXX_LANGUAGE_STANDARD = "gnu++14";
				CLANG_CXX_LIBRARY = "libc++";
				CLANG_ENABLE_MODULES = YES;
				CLANG_ENABLE_OBJC_ARC = YES;
				CLANG_ENABLE_OBJC_WEAK = YES;
				CLANG_WARN_BLOCK_CAPTURE_AUTORELEASING = YES;
				CLANG_WARN_BOOL_CONVERSION = YES;
				CLANG_WARN_COMMA = YES;
				CLANG_WARN_CONSTANT_CONVERSION = YES;
				CLANG_WARN_DEPRECATED_OBJC_IMPLEMENTATIONS = YES;
				CLANG_WARN_DIRECT_OBJC_ISA_USAGE = YES_ERROR;
				CLANG_WARN_DOCUMENTATION_COMMENTS = YES;
				CLANG_WARN_EMPTY_BODY = YES;
				CLANG_WARN_ENUM_CONVERSION = YES;
				CLANG_WARN_INFINITE_RECURSION = YES;
				CLANG_WARN_INT_CONVERSION = YES;
				CLANG_WARN_NON_LITERAL_NULL_CONVERSION = YES;
				CLANG_WARN_OBJC_IMPLICIT_RETAIN_SELF = YES;
				CLANG_WARN_OBJC_LITERAL_CONVERSION = YES;
				CLANG_WARN_OBJC_ROOT_CLASS = YES_ERROR;
				CLANG_WARN_RANGE_LOOP_ANALYSIS = YES;
				CLANG_WARN_STRICT_PROTOTYPES = YES;
				CLANG_WARN_SUSPICIOUS_MOVE = YES;
				CLANG_WARN_UNGUARDED_AVAILABILITY = YES_AGGRESSIVE;
				CLANG_WARN_UNREACHABLE_CODE = YES;
				CLANG_WARN__DUPLICATE_METHOD_MATCH = YES;
				COPY_PHASE_STRIP = NO;
				DEBUG_INFORMATION_FORMAT = "dwarf-with-dsym";
				ENABLE_NS_ASSERTIONS = NO;
				ENABLE_STRICT_OBJC_MSGSEND = YES;
				GCC_C_LANGUAGE_STANDARD = gnu11;
				GCC_NO_COMMON_BLOCKS = YES;
				GCC_WARN_64_TO_32_BIT_CONVERSION = YES;
				GCC_WARN_ABOUT_RETURN_TYPE = YES_ERROR;
				GCC_WARN_UNDECLARED_SELECTOR = YES;
				GCC_WARN_UNINITIALIZED_AUTOS = YES_AGGRESSIVE;
				GCC_WARN_UNUSED_FUNCTION = YES;
				GCC_WARN_UNUSED_VARIABLE = YES;
				IPHONEOS_DEPLOYMENT_TARGET = 13.2;
				MTL_ENABLE_DEBUG_INFO = NO;
				MTL_FAST_MATH = YES;
				SDKROOT = iphoneos;
				SWIFT_COMPILATION_MODE = wholemodule;
				SWIFT_OPTIMIZATION_LEVEL = "-O";
				VALIDATE_PRODUCT = YES;
			};
			name = Release;
		};
		EAEC93EA242F7E770064B696 /* Debug */ = {
			isa = XCBuildConfiguration;
			buildSettings = {
				ASSETCATALOG_COMPILER_APPICON_NAME = AppIcon;
				CODE_SIGN_STYLE = Automatic;
				DEVELOPMENT_ASSET_PATHS = "\"iDine/Preview Content\"";
				DEVELOPMENT_TEAM = 637NAX2FZ5;
				ENABLE_PREVIEWS = YES;
				INFOPLIST_FILE = iDine/Info.plist;
				LD_RUNPATH_SEARCH_PATHS = (
					"$(inherited)",
					"@executable_path/Frameworks",
				);
				PRODUCT_BUNDLE_IDENTIFIER = alex.practice.iDine;
				PRODUCT_NAME = "$(TARGET_NAME)";
				SWIFT_VERSION = 5.0;
				TARGETED_DEVICE_FAMILY = "1,2";
			};
			name = Debug;
		};
		EAEC93EB242F7E770064B696 /* Release */ = {
			isa = XCBuildConfiguration;
			buildSettings = {
				ASSETCATALOG_COMPILER_APPICON_NAME = AppIcon;
				CODE_SIGN_STYLE = Automatic;
				DEVELOPMENT_ASSET_PATHS = "\"iDine/Preview Content\"";
				DEVELOPMENT_TEAM = 637NAX2FZ5;
				ENABLE_PREVIEWS = YES;
				INFOPLIST_FILE = iDine/Info.plist;
				LD_RUNPATH_SEARCH_PATHS = (
					"$(inherited)",
					"@executable_path/Frameworks",
				);
				PRODUCT_BUNDLE_IDENTIFIER = alex.practice.iDine;
				PRODUCT_NAME = "$(TARGET_NAME)";
				SWIFT_VERSION = 5.0;
				TARGETED_DEVICE_FAMILY = "1,2";
			};
			name = Release;
		};
/* End XCBuildConfiguration section */

/* Begin XCConfigurationList section */
		EAEC93D0242F7E750064B696 /* Build configuration list for PBXProject "iDine" */ = {
			isa = XCConfigurationList;
			buildConfigurations = (
				EAEC93E7242F7E770064B696 /* Debug */,
				EAEC93E8242F7E770064B696 /* Release */,
			);
			defaultConfigurationIsVisible = 0;
			defaultConfigurationName = Release;
		};
		EAEC93E9242F7E770064B696 /* Build configuration list for PBXNativeTarget "iDine" */ = {
			isa = XCConfigurationList;
			buildConfigurations = (
				EAEC93EA242F7E770064B696 /* Debug */,
				EAEC93EB242F7E770064B696 /* Release */,
			);
			defaultConfigurationIsVisible = 0;
			defaultConfigurationName = Release;
		};
/* End XCConfigurationList section */
	};
	rootObject = EAEC93CD242F7E750064B696 /* Project object */;
}
